
Microsoft Visual Studio Solution File, Format Version 12.00
# Visual Studio Version 17
VisualStudioVersion = 17.4.33122.133
MinimumVisualStudioVersion = 10.0.40219.1
Project("{9A19103F-16F7-4668-BE54-9A1E7A4F7556}") = "PMS", "PMS.csproj", "{E69343B2-0055-4542-828B-952ED678F651}"
EndProject
Global
	GlobalSection(SolutionConfigurationPlatforms) = preSolution
		Debug|Any CPU = Debug|Any CPU
		Release|Any CPU = Release|Any CPU
	EndGlobalSection
	GlobalSection(ProjectConfigurationPlatforms) = postSolution
		{E69343B2-0055-4542-828B-952ED678F651}.Debug|Any CPU.ActiveCfg = Debug|Any CPU
		{E69343B2-0055-4542-828B-952ED678F651}.Debug|Any CPU.Build.0 = Debug|Any CPU
		{E69343B2-0055-4542-828B-952ED678F651}.Release|Any CPU.ActiveCfg = Release|Any CPU
		{E69343B2-0055-4542-828B-952ED678F651}.Release|Any CPU.Build.0 = Release|Any CPU
	EndGlobalSection
	GlobalSection(SolutionProperties) = preSolution
		HideSolutionNode = FALSE
	EndGlobalSection
	GlobalSection(ExtensibilityGlobals) = postSolution
		SolutionGuid = {7E749973-C217-4128-BA3C-3A62C20AB7A9}
	EndGlobalSection
EndGlobal
